// !$*UTF8*$!
{
	archiveVersion = 1;
	classes = {
	};
	objectVersion = 56;
	objects = {

/* Begin PBXBuildFile section */
		84276BAD2A0F67E100B93392 /* FoodCard.swift in Sources */ = {isa = PBXBuildFile; fileRef = 84276BAC2A0F67E100B93392 /* FoodCard.swift */; };
		84276BB02A10A8B300B93392 /* Details.swift in Sources */ = {isa = PBXBuildFile; fileRef = 84276BAF2A10A8B300B93392 /* Details.swift */; };
		8460D8E32A13AAA500513BB3 /* ProductModel.swift in Sources */ = {isa = PBXBuildFile; fileRef = 8460D8E22A13AAA500513BB3 /* ProductModel.swift */; };
		8460D8E62A13AAF700513BB3 /* ProductViewModel.swift in Sources */ = {isa = PBXBuildFile; fileRef = 8460D8E52A13AAF700513BB3 /* ProductViewModel.swift */; };
		8460D8E82A14FEB200513BB3 /* CompanyModel.swift in Sources */ = {isa = PBXBuildFile; fileRef = 8460D8E72A14FEB100513BB3 /* CompanyModel.swift */; };
		8460D8EB2A1B59EA00513BB3 /* SearchView.swift in Sources */ = {isa = PBXBuildFile; fileRef = 8460D8EA2A1B59EA00513BB3 /* SearchView.swift */; };
		8460D8ED2A2471E300513BB3 /* UserModel.swift in Sources */ = {isa = PBXBuildFile; fileRef = 8460D8EC2A2471E300513BB3 /* UserModel.swift */; };
		8498F0C92A08BF1900BB1734 /* Food_Delivery_AppApp.swift in Sources */ = {isa = PBXBuildFile; fileRef = 8498F0C82A08BF1900BB1734 /* Food_Delivery_AppApp.swift */; };
		8498F0CB2A08BF1900BB1734 /* ContentView.swift in Sources */ = {isa = PBXBuildFile; fileRef = 8498F0CA2A08BF1900BB1734 /* ContentView.swift */; };
		8498F0CD2A08BF1B00BB1734 /* Assets.xcassets in Resources */ = {isa = PBXBuildFile; fileRef = 8498F0CC2A08BF1B00BB1734 /* Assets.xcassets */; };
		8498F0D02A08BF1B00BB1734 /* Preview Assets.xcassets in Resources */ = {isa = PBXBuildFile; fileRef = 8498F0CF2A08BF1B00BB1734 /* Preview Assets.xcassets */; };
		8498F0D82A08DE4000BB1734 /* LoginView.swift in Sources */ = {isa = PBXBuildFile; fileRef = 8498F0D72A08DE4000BB1734 /* LoginView.swift */; };
		8498F0DC2A0A6DA700BB1734 /* GoogleService-Info.plist in Resources */ = {isa = PBXBuildFile; fileRef = 8498F0DB2A0A6DA700BB1734 /* GoogleService-Info.plist */; };
		8498F0DF2A0A6E8900BB1734 /* FirebaseAppCheck in Frameworks */ = {isa = PBXBuildFile; productRef = 8498F0DE2A0A6E8900BB1734 /* FirebaseAppCheck */; };
		8498F0E12A0A6E8900BB1734 /* FirebaseAuth in Frameworks */ = {isa = PBXBuildFile; productRef = 8498F0E02A0A6E8900BB1734 /* FirebaseAuth */; };
		8498F0E32A0A6E8900BB1734 /* FirebaseFirestore in Frameworks */ = {isa = PBXBuildFile; productRef = 8498F0E22A0A6E8900BB1734 /* FirebaseFirestore */; };
		8498F0E52A0A6E8900BB1734 /* FirebaseMessaging in Frameworks */ = {isa = PBXBuildFile; productRef = 8498F0E42A0A6E8900BB1734 /* FirebaseMessaging */; };
		8498F0E72A0A6E8900BB1734 /* FirebaseStorage in Frameworks */ = {isa = PBXBuildFile; productRef = 8498F0E62A0A6E8900BB1734 /* FirebaseStorage */; };
		8498F0E92A0B20B800BB1734 /* HomeScreen.swift in Sources */ = {isa = PBXBuildFile; fileRef = 8498F0E82A0B20B800BB1734 /* HomeScreen.swift */; };
		8498F0ED2A0B210E00BB1734 /* AuthModel.swift in Sources */ = {isa = PBXBuildFile; fileRef = 8498F0EC2A0B210E00BB1734 /* AuthModel.swift */; };
		8498F0F12A0B224D00BB1734 /* OnboardingView.swift in Sources */ = {isa = PBXBuildFile; fileRef = 8498F0F02A0B224D00BB1734 /* OnboardingView.swift */; };
		84A788292A0CE7B3005963EC /* user.swift in Sources */ = {isa = PBXBuildFile; fileRef = 84A788282A0CE7B3005963EC /* user.swift */; };
		84A7882B2A0CE867005963EC /* FirestoreManager.swift in Sources */ = {isa = PBXBuildFile; fileRef = 84A7882A2A0CE867005963EC /* FirestoreManager.swift */; };
		84A7882E2A0EAFC4005963EC /* HomeTab.swift in Sources */ = {isa = PBXBuildFile; fileRef = 84A7882D2A0EAFC4005963EC /* HomeTab.swift */; };
		84A788302A0EAFD9005963EC /* FavouritesTab.swift in Sources */ = {isa = PBXBuildFile; fileRef = 84A7882F2A0EAFD9005963EC /* FavouritesTab.swift */; };
		84A788322A0EAFE4005963EC /* ProfileTab.swift in Sources */ = {isa = PBXBuildFile; fileRef = 84A788312A0EAFE4005963EC /* ProfileTab.swift */; };
		84A788342A0EAFED005963EC /* ActivityTab.swift in Sources */ = {isa = PBXBuildFile; fileRef = 84A788332A0EAFED005963EC /* ActivityTab.swift */; };
/* End PBXBuildFile section */

/* Begin PBXFileReference section */
		84276BAC2A0F67E100B93392 /* FoodCard.swift */ = {isa = PBXFileReference; lastKnownFileType = sourcecode.swift; path = FoodCard.swift; sourceTree = "<group>"; };
		84276BAF2A10A8B300B93392 /* Details.swift */ = {isa = PBXFileReference; lastKnownFileType = sourcecode.swift; path = Details.swift; sourceTree = "<group>"; };
		8460D8E22A13AAA500513BB3 /* ProductModel.swift */ = {isa = PBXFileReference; lastKnownFileType = sourcecode.swift; path = ProductModel.swift; sourceTree = "<group>"; };
		8460D8E52A13AAF700513BB3 /* ProductViewModel.swift */ = {isa = PBXFileReference; lastKnownFileType = sourcecode.swift; path = ProductViewModel.swift; sourceTree = "<group>"; };
		8460D8E72A14FEB100513BB3 /* CompanyModel.swift */ = {isa = PBXFileReference; lastKnownFileType = sourcecode.swift; path = CompanyModel.swift; sourceTree = "<group>"; };
		8460D8EA2A1B59EA00513BB3 /* SearchView.swift */ = {isa = PBXFileReference; lastKnownFileType = sourcecode.swift; path = SearchView.swift; sourceTree = "<group>"; };
		8460D8EC2A2471E300513BB3 /* UserModel.swift */ = {isa = PBXFileReference; lastKnownFileType = sourcecode.swift; path = UserModel.swift; sourceTree = "<group>"; };
		8498F0C52A08BF1900BB1734 /* Food_Delivery_App.app */ = {isa = PBXFileReference; explicitFileType = wrapper.application; includeInIndex = 0; path = Food_Delivery_App.app; sourceTree = BUILT_PRODUCTS_DIR; };
		8498F0C82A08BF1900BB1734 /* Food_Delivery_AppApp.swift */ = {isa = PBXFileReference; lastKnownFileType = sourcecode.swift; path = Food_Delivery_AppApp.swift; sourceTree = "<group>"; };
		8498F0CA2A08BF1900BB1734 /* ContentView.swift */ = {isa = PBXFileReference; lastKnownFileType = sourcecode.swift; path = ContentView.swift; sourceTree = "<group>"; };
		8498F0CC2A08BF1B00BB1734 /* Assets.xcassets */ = {isa = PBXFileReference; lastKnownFileType = folder.assetcatalog; path = Assets.xcassets; sourceTree = "<group>"; };
		8498F0CF2A08BF1B00BB1734 /* Preview Assets.xcassets */ = {isa = PBXFileReference; lastKnownFileType = folder.assetcatalog; path = "Preview Assets.xcassets"; sourceTree = "<group>"; };
		8498F0D72A08DE4000BB1734 /* LoginView.swift */ = {isa = PBXFileReference; lastKnownFileType = sourcecode.swift; path = LoginView.swift; sourceTree = "<group>"; };
		8498F0DB2A0A6DA700BB1734 /* GoogleService-Info.plist */ = {isa = PBXFileReference; fileEncoding = 4; lastKnownFileType = text.plist.xml; path = "GoogleService-Info.plist"; sourceTree = "<group>"; };
		8498F0E82A0B20B800BB1734 /* HomeScreen.swift */ = {isa = PBXFileReference; lastKnownFileType = sourcecode.swift; path = HomeScreen.swift; sourceTree = "<group>"; };
		8498F0EC2A0B210E00BB1734 /* AuthModel.swift */ = {isa = PBXFileReference; lastKnownFileType = sourcecode.swift; path = AuthModel.swift; sourceTree = "<group>"; };
		8498F0F02A0B224D00BB1734 /* OnboardingView.swift */ = {isa = PBXFileReference; lastKnownFileType = sourcecode.swift; path = OnboardingView.swift; sourceTree = "<group>"; };
		84A788282A0CE7B3005963EC /* user.swift */ = {isa = PBXFileReference; lastKnownFileType = sourcecode.swift; path = user.swift; sourceTree = "<group>"; };
		84A7882A2A0CE867005963EC /* FirestoreManager.swift */ = {isa = PBXFileReference; lastKnownFileType = sourcecode.swift; path = FirestoreManager.swift; sourceTree = "<group>"; };
		84A7882D2A0EAFC4005963EC /* HomeTab.swift */ = {isa = PBXFileReference; lastKnownFileType = sourcecode.swift; path = HomeTab.swift; sourceTree = "<group>"; };
		84A7882F2A0EAFD9005963EC /* FavouritesTab.swift */ = {isa = PBXFileReference; lastKnownFileType = sourcecode.swift; path = FavouritesTab.swift; sourceTree = "<group>"; };
		84A788312A0EAFE4005963EC /* ProfileTab.swift */ = {isa = PBXFileReference; lastKnownFileType = sourcecode.swift; path = ProfileTab.swift; sourceTree = "<group>"; };
		84A788332A0EAFED005963EC /* ActivityTab.swift */ = {isa = PBXFileReference; lastKnownFileType = sourcecode.swift; path = ActivityTab.swift; sourceTree = "<group>"; };
/* End PBXFileReference section */

/* Begin PBXFrameworksBuildPhase section */
		8498F0C22A08BF1900BB1734 /* Frameworks */ = {
			isa = PBXFrameworksBuildPhase;
			buildActionMask = 2147483647;
			files = (
				8498F0E52A0A6E8900BB1734 /* FirebaseMessaging in Frameworks */,
				8498F0DF2A0A6E8900BB1734 /* FirebaseAppCheck in Frameworks */,
				8498F0E12A0A6E8900BB1734 /* FirebaseAuth in Frameworks */,
				8498F0E72A0A6E8900BB1734 /* FirebaseStorage in Frameworks */,
				8498F0E32A0A6E8900BB1734 /* FirebaseFirestore in Frameworks */,
			);
			runOnlyForDeploymentPostprocessing = 0;
		};
/* End PBXFrameworksBuildPhase section */

/* Begin PBXGroup section */
		84276BAE2A10A89E00B93392 /* Details */ = {
			isa = PBXGroup;
			children = (
				84276BAC2A0F67E100B93392 /* FoodCard.swift */,
				84276BAF2A10A8B300B93392 /* Details.swift */,
			);
			path = Details;
			sourceTree = "<group>";
		};
		8460D8E42A13AAAD00513BB3 /* ViewModel */ = {
			isa = PBXGroup;
			children = (
				8460D8E52A13AAF700513BB3 /* ProductViewModel.swift */,
			);
			path = ViewModel;
			sourceTree = "<group>";
		};
		8460D8E92A1B59CE00513BB3 /* SearchView */ = {
			isa = PBXGroup;
			children = (
				8460D8EA2A1B59EA00513BB3 /* SearchView.swift */,
			);
			path = SearchView;
			sourceTree = "<group>";
		};
		8498F0BC2A08BF1900BB1734 = {
			isa = PBXGroup;
			children = (
				8498F0C72A08BF1900BB1734 /* Food_Delivery_App */,
				8498F0C62A08BF1900BB1734 /* Products */,
			);
			sourceTree = "<group>";
		};
		8498F0C62A08BF1900BB1734 /* Products */ = {
			isa = PBXGroup;
			children = (
				8498F0C52A08BF1900BB1734 /* Food_Delivery_App.app */,
			);
			name = Products;
			sourceTree = "<group>";
		};
		8498F0C72A08BF1900BB1734 /* Food_Delivery_App */ = {
			isa = PBXGroup;
			children = (
				8498F0DB2A0A6DA700BB1734 /* GoogleService-Info.plist */,
				8498F0C82A08BF1900BB1734 /* Food_Delivery_AppApp.swift */,
				8460D8E42A13AAAD00513BB3 /* ViewModel */,
				84A788262A0CE770005963EC /* Service */,
				8498F0EB2A0B20F700BB1734 /* Model */,
				8498F0D62A08DE1A00BB1734 /* Views */,
				8498F0CC2A08BF1B00BB1734 /* Assets.xcassets */,
				8498F0CE2A08BF1B00BB1734 /* Preview Content */,
			);
			path = Food_Delivery_App;
			sourceTree = "<group>";
		};
		8498F0CE2A08BF1B00BB1734 /* Preview Content */ = {
			isa = PBXGroup;
			children = (
				8498F0CF2A08BF1B00BB1734 /* Preview Assets.xcassets */,
			);
			path = "Preview Content";
			sourceTree = "<group>";
		};
		8498F0D62A08DE1A00BB1734 /* Views */ = {
			isa = PBXGroup;
			children = (
				8498F0CA2A08BF1900BB1734 /* ContentView.swift */,
				8498F0F02A0B224D00BB1734 /* OnboardingView.swift */,
				8498F0D72A08DE4000BB1734 /* LoginView.swift */,
				8498F0E82A0B20B800BB1734 /* HomeScreen.swift */,
				8460D8E92A1B59CE00513BB3 /* SearchView */,
				84A7882C2A0EAFA4005963EC /* Main */,
				84276BAE2A10A89E00B93392 /* Details */,
			);
			path = Views;
			sourceTree = "<group>";
		};
		8498F0EB2A0B20F700BB1734 /* Model */ = {
			isa = PBXGroup;
			children = (
				8498F0EC2A0B210E00BB1734 /* AuthModel.swift */,
				8460D8E22A13AAA500513BB3 /* ProductModel.swift */,
				8460D8EC2A2471E300513BB3 /* UserModel.swift */,
				8460D8E72A14FEB100513BB3 /* CompanyModel.swift */,
			);
			path = Model;
			sourceTree = "<group>";
		};
		84A788262A0CE770005963EC /* Service */ = {
			isa = PBXGroup;
			children = (
				84A788282A0CE7B3005963EC /* user.swift */,
				84A7882A2A0CE867005963EC /* FirestoreManager.swift */,
			);
			path = Service;
			sourceTree = "<group>";
		};
		84A7882C2A0EAFA4005963EC /* Main */ = {
			isa = PBXGroup;
			children = (
				84A7882D2A0EAFC4005963EC /* HomeTab.swift */,
				84A7882F2A0EAFD9005963EC /* FavouritesTab.swift */,
				84A788312A0EAFE4005963EC /* ProfileTab.swift */,
				84A788332A0EAFED005963EC /* ActivityTab.swift */,
			);
			path = Main;
			sourceTree = "<group>";
		};
/* End PBXGroup section */

/* Begin PBXNativeTarget section */
		8498F0C42A08BF1900BB1734 /* Food_Delivery_App */ = {
			isa = PBXNativeTarget;
			buildConfigurationList = 8498F0D32A08BF1B00BB1734 /* Build configuration list for PBXNativeTarget "Food_Delivery_App" */;
			buildPhases = (
				8498F0C12A08BF1900BB1734 /* Sources */,
				8498F0C22A08BF1900BB1734 /* Frameworks */,
				8498F0C32A08BF1900BB1734 /* Resources */,
			);
			buildRules = (
			);
			dependencies = (
			);
			name = Food_Delivery_App;
			packageProductDependencies = (
				8498F0DE2A0A6E8900BB1734 /* FirebaseAppCheck */,
				8498F0E02A0A6E8900BB1734 /* FirebaseAuth */,
				8498F0E22A0A6E8900BB1734 /* FirebaseFirestore */,
				8498F0E42A0A6E8900BB1734 /* FirebaseMessaging */,
				8498F0E62A0A6E8900BB1734 /* FirebaseStorage */,
			);
			productName = Food_Delivery_App;
			productReference = 8498F0C52A08BF1900BB1734 /* Food_Delivery_App.app */;
			productType = "com.apple.product-type.application";
		};
/* End PBXNativeTarget section */

/* Begin PBXProject section */
		8498F0BD2A08BF1900BB1734 /* Project object */ = {
			isa = PBXProject;
			attributes = {
				BuildIndependentTargetsInParallel = 1;
				LastSwiftUpdateCheck = 1430;
				LastUpgradeCheck = 1430;
				TargetAttributes = {
					8498F0C42A08BF1900BB1734 = {
						CreatedOnToolsVersion = 14.3;
					};
				};
			};
			buildConfigurationList = 8498F0C02A08BF1900BB1734 /* Build configuration list for PBXProject "Food_Delivery_App" */;
			compatibilityVersion = "Xcode 14.0";
			developmentRegion = en;
			hasScannedForEncodings = 0;
			knownRegions = (
				en,
				Base,
			);
			mainGroup = 8498F0BC2A08BF1900BB1734;
			packageReferences = (
				8498F0DD2A0A6E8900BB1734 /* XCRemoteSwiftPackageReference "firebase-ios-sdk" */,
			);
			productRefGroup = 8498F0C62A08BF1900BB1734 /* Products */;
			projectDirPath = "";
			projectRoot = "";
			targets = (
				8498F0C42A08BF1900BB1734 /* Food_Delivery_App */,
			);
		};
/* End PBXProject section */

/* Begin PBXResourcesBuildPhase section */
		8498F0C32A08BF1900BB1734 /* Resources */ = {
			isa = PBXResourcesBuildPhase;
			buildActionMask = 2147483647;
			files = (
				8498F0D02A08BF1B00BB1734 /* Preview Assets.xcassets in Resources */,
				8498F0CD2A08BF1B00BB1734 /* Assets.xcassets in Resources */,
				8498F0DC2A0A6DA700BB1734 /* GoogleService-Info.plist in Resources */,
			);
			runOnlyForDeploymentPostprocessing = 0;
		};
/* End PBXResourcesBuildPhase section */

/* Begin PBXSourcesBuildPhase section */
		8498F0C12A08BF1900BB1734 /* Sources */ = {
			isa = PBXSourcesBuildPhase;
			buildActionMask = 2147483647;
			files = (
				84276BAD2A0F67E100B93392 /* FoodCard.swift in Sources */,
				84A788342A0EAFED005963EC /* ActivityTab.swift in Sources */,
				8498F0E92A0B20B800BB1734 /* HomeScreen.swift in Sources */,
				8498F0D82A08DE4000BB1734 /* LoginView.swift in Sources */,
				8498F0CB2A08BF1900BB1734 /* ContentView.swift in Sources */,
				8498F0F12A0B224D00BB1734 /* OnboardingView.swift in Sources */,
				84A788292A0CE7B3005963EC /* user.swift in Sources */,
				8498F0C92A08BF1900BB1734 /* Food_Delivery_AppApp.swift in Sources */,
				8460D8E32A13AAA500513BB3 /* ProductModel.swift in Sources */,
				84276BB02A10A8B300B93392 /* Details.swift in Sources */,
				8460D8EB2A1B59EA00513BB3 /* SearchView.swift in Sources */,
				84A7882E2A0EAFC4005963EC /* HomeTab.swift in Sources */,
				84A788322A0EAFE4005963EC /* ProfileTab.swift in Sources */,
				8460D8E62A13AAF700513BB3 /* ProductViewModel.swift in Sources */,
				8498F0ED2A0B210E00BB1734 /* AuthModel.swift in Sources */,
				8460D8ED2A2471E300513BB3 /* UserModel.swift in Sources */,
				8460D8E82A14FEB200513BB3 /* CompanyModel.swift in Sources */,
				84A7882B2A0CE867005963EC /* FirestoreManager.swift in Sources */,
				84A788302A0EAFD9005963EC /* FavouritesTab.swift in Sources */,
			);
			runOnlyForDeploymentPostprocessing = 0;
		};
/* End PBXSourcesBuildPhase section */

/* Begin XCBuildConfiguration section */
		8498F0D12A08BF1B00BB1734 /* Debug */ = {
			isa = XCBuildConfiguration;
			buildSettings = {
				ALWAYS_SEARCH_USER_PATHS = NO;
				CLANG_ANALYZER_NONNULL = YES;
				CLANG_ANALYZER_NUMBER_OBJECT_CONVERSION = YES_AGGRESSIVE;
				CLANG_CXX_LANGUAGE_STANDARD = "gnu++20";
				CLANG_ENABLE_MODULES = YES;
				CLANG_ENABLE_OBJC_ARC = YES;
				CLANG_ENABLE_OBJC_WEAK = YES;
				CLANG_WARN_BLOCK_CAPTURE_AUTORELEASING = YES;
				CLANG_WARN_BOOL_CONVERSION = YES;
				CLANG_WARN_COMMA = YES;
				CLANG_WARN_CONSTANT_CONVERSION = YES;
				CLANG_WARN_DEPRECATED_OBJC_IMPLEMENTATIONS = YES;
				CLANG_WARN_DIRECT_OBJC_ISA_USAGE = YES_ERROR;
				CLANG_WARN_DOCUMENTATION_COMMENTS = YES;
				CLANG_WARN_EMPTY_BODY = YES;
				CLANG_WARN_ENUM_CONVERSION = YES;
				CLANG_WARN_INFINITE_RECURSION = YES;
				CLANG_WARN_INT_CONVERSION = YES;
				CLANG_WARN_NON_LITERAL_NULL_CONVERSION = YES;
				CLANG_WARN_OBJC_IMPLICIT_RETAIN_SELF = YES;
				CLANG_WARN_OBJC_LITERAL_CONVERSION = YES;
				CLANG_WARN_OBJC_ROOT_CLASS = YES_ERROR;
				CLANG_WARN_QUOTED_INCLUDE_IN_FRAMEWORK_HEADER = YES;
				CLANG_WARN_RANGE_LOOP_ANALYSIS = YES;
				CLANG_WARN_STRICT_PROTOTYPES = YES;
				CLANG_WARN_SUSPICIOUS_MOVE = YES;
				CLANG_WARN_UNGUARDED_AVAILABILITY = YES_AGGRESSIVE;
				CLANG_WARN_UNREACHABLE_CODE = YES;
				CLANG_WARN__DUPLICATE_METHOD_MATCH = YES;
				COPY_PHASE_STRIP = NO;
				DEBUG_INFORMATION_FORMAT = dwarf;
				ENABLE_STRICT_OBJC_MSGSEND = YES;
				ENABLE_TESTABILITY = YES;
				GCC_C_LANGUAGE_STANDARD = gnu11;
				GCC_DYNAMIC_NO_PIC = NO;
				GCC_NO_COMMON_BLOCKS = YES;
				GCC_OPTIMIZATION_LEVEL = 0;
				GCC_PREPROCESSOR_DEFINITIONS = (
					"DEBUG=1",
					"$(inherited)",
				);
				GCC_WARN_64_TO_32_BIT_CONVERSION = YES;
				GCC_WARN_ABOUT_RETURN_TYPE = YES_ERROR;
				GCC_WARN_UNDECLARED_SELECTOR = YES;
				GCC_WARN_UNINITIALIZED_AUTOS = YES_AGGRESSIVE;
				GCC_WARN_UNUSED_FUNCTION = YES;
				GCC_WARN_UNUSED_VARIABLE = YES;
				IPHONEOS_DEPLOYMENT_TARGET = 16.4;
				MTL_ENABLE_DEBUG_INFO = INCLUDE_SOURCE;
				MTL_FAST_MATH = YES;
				ONLY_ACTIVE_ARCH = YES;
				SDKROOT = iphoneos;
				SWIFT_ACTIVE_COMPILATION_CONDITIONS = DEBUG;
				SWIFT_OPTIMIZATION_LEVEL = "-Onone";
			};
			name = Debug;
		};
		8498F0D22A08BF1B00BB1734 /* Release */ = {
			isa = XCBuildConfiguration;
			buildSettings = {
				ALWAYS_SEARCH_USER_PATHS = NO;
				CLANG_ANALYZER_NONNULL = YES;
				CLANG_ANALYZER_NUMBER_OBJECT_CONVERSION = YES_AGGRESSIVE;
				CLANG_CXX_LANGUAGE_STANDARD = "gnu++20";
				CLANG_ENABLE_MODULES = YES;
				CLANG_ENABLE_OBJC_ARC = YES;
				CLANG_ENABLE_OBJC_WEAK = YES;
				CLANG_WARN_BLOCK_CAPTURE_AUTORELEASING = YES;
				CLANG_WARN_BOOL_CONVERSION = YES;
				CLANG_WARN_COMMA = YES;
				CLANG_WARN_CONSTANT_CONVERSION = YES;
				CLANG_WARN_DEPRECATED_OBJC_IMPLEMENTATIONS = YES;
				CLANG_WARN_DIRECT_OBJC_ISA_USAGE = YES_ERROR;
				CLANG_WARN_DOCUMENTATION_COMMENTS = YES;
				CLANG_WARN_EMPTY_BODY = YES;
				CLANG_WARN_ENUM_CONVERSION = YES;
				CLANG_WARN_INFINITE_RECURSION = YES;
				CLANG_WARN_INT_CONVERSION = YES;
				CLANG_WARN_NON_LITERAL_NULL_CONVERSION = YES;
				CLANG_WARN_OBJC_IMPLICIT_RETAIN_SELF = YES;
				CLANG_WARN_OBJC_LITERAL_CONVERSION = YES;
				CLANG_WARN_OBJC_ROOT_CLASS = YES_ERROR;
				CLANG_WARN_QUOTED_INCLUDE_IN_FRAMEWORK_HEADER = YES;
				CLANG_WARN_RANGE_LOOP_ANALYSIS = YES;
				CLANG_WARN_STRICT_PROTOTYPES = YES;
				CLANG_WARN_SUSPICIOUS_MOVE = YES;
				CLANG_WARN_UNGUARDED_AVAILABILITY = YES_AGGRESSIVE;
				CLANG_WARN_UNREACHABLE_CODE = YES;
				CLANG_WARN__DUPLICATE_METHOD_MATCH = YES;
				COPY_PHASE_STRIP = NO;
				DEBUG_INFORMATION_FORMAT = "dwarf-with-dsym";
				ENABLE_NS_ASSERTIONS = NO;
				ENABLE_STRICT_OBJC_MSGSEND = YES;
				GCC_C_LANGUAGE_STANDARD = gnu11;
				GCC_NO_COMMON_BLOCKS = YES;
				GCC_WARN_64_TO_32_BIT_CONVERSION = YES;
				GCC_WARN_ABOUT_RETURN_TYPE = YES_ERROR;
				GCC_WARN_UNDECLARED_SELECTOR = YES;
				GCC_WARN_UNINITIALIZED_AUTOS = YES_AGGRESSIVE;
				GCC_WARN_UNUSED_FUNCTION = YES;
				GCC_WARN_UNUSED_VARIABLE = YES;
				IPHONEOS_DEPLOYMENT_TARGET = 16.4;
				MTL_ENABLE_DEBUG_INFO = NO;
				MTL_FAST_MATH = YES;
				SDKROOT = iphoneos;
				SWIFT_COMPILATION_MODE = wholemodule;
				SWIFT_OPTIMIZATION_LEVEL = "-O";
				VALIDATE_PRODUCT = YES;
			};
			name = Release;
		};
		8498F0D42A08BF1B00BB1734 /* Debug */ = {
			isa = XCBuildConfiguration;
			buildSettings = {
				ASSETCATALOG_COMPILER_APPICON_NAME = AppIcon;
				ASSETCATALOG_COMPILER_GLOBAL_ACCENT_COLOR_NAME = AccentColor;
				CODE_SIGN_STYLE = Automatic;
				CURRENT_PROJECT_VERSION = 1;
				DEVELOPMENT_ASSET_PATHS = "\"Food_Delivery_App/Preview Content\"";
				DEVELOPMENT_TEAM = 9555ARGGFJ;
				ENABLE_PREVIEWS = YES;
				GENERATE_INFOPLIST_FILE = YES;
				INFOPLIST_KEY_UIApplicationSceneManifest_Generation = YES;
				INFOPLIST_KEY_UIApplicationSupportsIndirectInputEvents = YES;
				INFOPLIST_KEY_UILaunchScreen_Generation = YES;
				INFOPLIST_KEY_UISupportedInterfaceOrientations_iPad = "UIInterfaceOrientationPortrait UIInterfaceOrientationPortraitUpsideDown UIInterfaceOrientationLandscapeLeft UIInterfaceOrientationLandscapeRight";
				INFOPLIST_KEY_UISupportedInterfaceOrientations_iPhone = "UIInterfaceOrientationPortrait UIInterfaceOrientationLandscapeLeft UIInterfaceOrientationLandscapeRight";
				LD_RUNPATH_SEARCH_PATHS = (
					"$(inherited)",
					"@executable_path/Frameworks",
				);
				MARKETING_VERSION = 1.0;
				PRODUCT_BUNDLE_IDENTIFIER = "com.sardorbek.Food-Delivery-App";
				PRODUCT_NAME = "$(TARGET_NAME)";
				SWIFT_EMIT_LOC_STRINGS = YES;
				SWIFT_VERSION = 5.0;
				TARGETED_DEVICE_FAMILY = "1,2";
			};
			name = Debug;
		};
		8498F0D52A08BF1B00BB1734 /* Release */ = {
			isa = XCBuildConfiguration;
			buildSettings = {
				ASSETCATALOG_COMPILER_APPICON_NAME = AppIcon;
				ASSETCATALOG_COMPILER_GLOBAL_ACCENT_COLOR_NAME = AccentColor;
				CODE_SIGN_STYLE = Automatic;
				CURRENT_PROJECT_VERSION = 1;
				DEVELOPMENT_ASSET_PATHS = "\"Food_Delivery_App/Preview Content\"";
				DEVELOPMENT_TEAM = 9555ARGGFJ;
				ENABLE_PREVIEWS = YES;
				GENERATE_INFOPLIST_FILE = YES;
				INFOPLIST_KEY_UIApplicationSceneManifest_Generation = YES;
				INFOPLIST_KEY_UIApplicationSupportsIndirectInputEvents = YES;
				INFOPLIST_KEY_UILaunchScreen_Generation = YES;
				INFOPLIST_KEY_UISupportedInterfaceOrientations_iPad = "UIInterfaceOrientationPortrait UIInterfaceOrientationPortraitUpsideDown UIInterfaceOrientationLandscapeLeft UIInterfaceOrientationLandscapeRight";
				INFOPLIST_KEY_UISupportedInterfaceOrientations_iPhone = "UIInterfaceOrientationPortrait UIInterfaceOrientationLandscapeLeft UIInterfaceOrientationLandscapeRight";
				LD_RUNPATH_SEARCH_PATHS = (
					"$(inherited)",
					"@executable_path/Frameworks",
				);
				MARKETING_VERSION = 1.0;
				PRODUCT_BUNDLE_IDENTIFIER = "com.sardorbek.Food-Delivery-App";
				PRODUCT_NAME = "$(TARGET_NAME)";
				SWIFT_EMIT_LOC_STRINGS = YES;
				SWIFT_VERSION = 5.0;
				TARGETED_DEVICE_FAMILY = "1,2";
			};
			name = Release;
		};
/* End XCBuildConfiguration section */

/* Begin XCConfigurationList section */
		8498F0C02A08BF1900BB1734 /* Build configuration list for PBXProject "Food_Delivery_App" */ = {
			isa = XCConfigurationList;
			buildConfigurations = (
				8498F0D12A08BF1B00BB1734 /* Debug */,
				8498F0D22A08BF1B00BB1734 /* Release */,
			);
			defaultConfigurationIsVisible = 0;
			defaultConfigurationName = Release;
		};
		8498F0D32A08BF1B00BB1734 /* Build configuration list for PBXNativeTarget "Food_Delivery_App" */ = {
			isa = XCConfigurationList;
			buildConfigurations = (
				8498F0D42A08BF1B00BB1734 /* Debug */,
				8498F0D52A08BF1B00BB1734 /* Release */,
			);
			defaultConfigurationIsVisible = 0;
			defaultConfigurationName = Release;
		};
/* End XCConfigurationList section */

/* Begin XCRemoteSwiftPackageReference section */
		8498F0DD2A0A6E8900BB1734 /* XCRemoteSwiftPackageReference "firebase-ios-sdk" */ = {
			isa = XCRemoteSwiftPackageReference;
			repositoryURL = "https://github.com/firebase/firebase-ios-sdk";
			requirement = {
				kind = upToNextMajorVersion;
				minimumVersion = 10.0.0;
			};
		};
/* End XCRemoteSwiftPackageReference section */

/* Begin XCSwiftPackageProductDependency section */
		8498F0DE2A0A6E8900BB1734 /* FirebaseAppCheck */ = {
			isa = XCSwiftPackageProductDependency;
			package = 8498F0DD2A0A6E8900BB1734 /* XCRemoteSwiftPackageReference "firebase-ios-sdk" */;
			productName = FirebaseAppCheck;
		};
		8498F0E02A0A6E8900BB1734 /* FirebaseAuth */ = {
			isa = XCSwiftPackageProductDependency;
			package = 8498F0DD2A0A6E8900BB1734 /* XCRemoteSwiftPackageReference "firebase-ios-sdk" */;
			productName = FirebaseAuth;
		};
		8498F0E22A0A6E8900BB1734 /* FirebaseFirestore */ = {
			isa = XCSwiftPackageProductDependency;
			package = 8498F0DD2A0A6E8900BB1734 /* XCRemoteSwiftPackageReference "firebase-ios-sdk" */;
			productName = FirebaseFirestore;
		};
		8498F0E42A0A6E8900BB1734 /* FirebaseMessaging */ = {
			isa = XCSwiftPackageProductDependency;
			package = 8498F0DD2A0A6E8900BB1734 /* XCRemoteSwiftPackageReference "firebase-ios-sdk" */;
			productName = FirebaseMessaging;
		};
		8498F0E62A0A6E8900BB1734 /* FirebaseStorage */ = {
			isa = XCSwiftPackageProductDependency;
			package = 8498F0DD2A0A6E8900BB1734 /* XCRemoteSwiftPackageReference "firebase-ios-sdk" */;
			productName = FirebaseStorage;
		};
/* End XCSwiftPackageProductDependency section */
	};
	rootObject = 8498F0BD2A08BF1900BB1734 /* Project object */;
}
